
Microsoft Visual Studio Solution File, Format Version 12.00
# Visual Studio 15
VisualStudioVersion = 15.0.34031.82
MinimumVisualStudioVersion = 10.0.40219.1
Project("{FAE04EC0-301F-11D3-BF4B-00C04F79EFBC}") = "LineCounter", "LineCounter\LineCounter.csproj", "{3E4E2C3A-AE33-47B4-B5C1-C118C1828E5D}"
EndProject
Global
	GlobalSection(SolutionConfigurationPlatforms) = preSolution
		Debug|Any CPU = Debug|Any CPU
		Release|Any CPU = Release|Any CPU
	EndGlobalSection
	GlobalSection(ProjectConfigurationPlatforms) = postSolution
		{3E4E2C3A-AE33-47B4-B5C1-C118C1828E5D}.Debug|Any CPU.ActiveCfg = Debug|Any CPU
		{3E4E2C3A-AE33-47B4-B5C1-C118C1828E5D}.Debug|Any CPU.Build.0 = Debug|Any CPU
		{3E4E2C3A-AE33-47B4-B5C1-C118C1828E5D}.Release|Any CPU.ActiveCfg = Release|Any CPU
		{3E4E2C3A-AE33-47B4-B5C1-C118C1828E5D}.Release|Any CPU.Build.0 = Release|Any CPU
	EndGlobalSection
	GlobalSection(SolutionProperties) = preSolution
		HideSolutionNode = FALSE
	EndGlobalSection
	GlobalSection(ExtensibilityGlobals) = postSolution
		SolutionGuid = {21721A92-511A-4677-AFEA-A761A581C20A}
	EndGlobalSection
EndGlobal
