
Microsoft Visual Studio Solution File, Format Version 12.00
# Visual Studio 15
VisualStudioVersion = 15.0.34031.82
MinimumVisualStudioVersion = 10.0.40219.1
Project("{FAE04EC0-301F-11D3-BF4B-00C04F79EFBC}") = "Practice12-1-1", "Practice12-1-1\Practice12-1-1.csproj", "{51E6E9A7-6EEF-4225-BB88-5C8DCAD176AD}"
EndProject
Project("{FAE04EC0-301F-11D3-BF4B-00C04F79EFBC}") = "Practice12-1-2", "Practice12-1-2\Practice12-1-2.csproj", "{B8EBB287-4699-4BC2-83F2-FC73EA83C7E2}"
EndProject
Project("{FAE04EC0-301F-11D3-BF4B-00C04F79EFBC}") = "Practice12-1-3", "Practice12-1-3\Practice12-1-3.csproj", "{A13A594C-A521-45BB-BB9D-3DBD25DC1278}"
EndProject
Project("{FAE04EC0-301F-11D3-BF4B-00C04F79EFBC}") = "Practice12-1-4", "Practice12-1-4\Practice12-1-4.csproj", "{423BEBBA-81D8-43D6-B714-6CA431EE1893}"
EndProject
Project("{FAE04EC0-301F-11D3-BF4B-00C04F79EFBC}") = "Practice12-2-1", "Practice12-2-1\Practice12-2-1.csproj", "{A395FBED-7F09-4AA7-8641-15771C591D30}"
EndProject
Project("{FAE04EC0-301F-11D3-BF4B-00C04F79EFBC}") = "Practice12-2-2", "Practice12-2-2\Practice12-2-2.csproj", "{C9B7D316-E361-4180-AC58-D930F70B1178}"
EndProject
Global
	GlobalSection(SolutionConfigurationPlatforms) = preSolution
		Debug|Any CPU = Debug|Any CPU
		Release|Any CPU = Release|Any CPU
	EndGlobalSection
	GlobalSection(ProjectConfigurationPlatforms) = postSolution
		{51E6E9A7-6EEF-4225-BB88-5C8DCAD176AD}.Debug|Any CPU.ActiveCfg = Debug|Any CPU
		{51E6E9A7-6EEF-4225-BB88-5C8DCAD176AD}.Debug|Any CPU.Build.0 = Debug|Any CPU
		{51E6E9A7-6EEF-4225-BB88-5C8DCAD176AD}.Release|Any CPU.ActiveCfg = Release|Any CPU
		{51E6E9A7-6EEF-4225-BB88-5C8DCAD176AD}.Release|Any CPU.Build.0 = Release|Any CPU
		{B8EBB287-4699-4BC2-83F2-FC73EA83C7E2}.Debug|Any CPU.ActiveCfg = Debug|Any CPU
		{B8EBB287-4699-4BC2-83F2-FC73EA83C7E2}.Debug|Any CPU.Build.0 = Debug|Any CPU
		{B8EBB287-4699-4BC2-83F2-FC73EA83C7E2}.Release|Any CPU.ActiveCfg = Release|Any CPU
		{B8EBB287-4699-4BC2-83F2-FC73EA83C7E2}.Release|Any CPU.Build.0 = Release|Any CPU
		{A13A594C-A521-45BB-BB9D-3DBD25DC1278}.Debug|Any CPU.ActiveCfg = Debug|Any CPU
		{A13A594C-A521-45BB-BB9D-3DBD25DC1278}.Debug|Any CPU.Build.0 = Debug|Any CPU
		{A13A594C-A521-45BB-BB9D-3DBD25DC1278}.Release|Any CPU.ActiveCfg = Release|Any CPU
		{A13A594C-A521-45BB-BB9D-3DBD25DC1278}.Release|Any CPU.Build.0 = Release|Any CPU
		{423BEBBA-81D8-43D6-B714-6CA431EE1893}.Debug|Any CPU.ActiveCfg = Debug|Any CPU
		{423BEBBA-81D8-43D6-B714-6CA431EE1893}.Debug|Any CPU.Build.0 = Debug|Any CPU
		{423BEBBA-81D8-43D6-B714-6CA431EE1893}.Release|Any CPU.ActiveCfg = Release|Any CPU
		{423BEBBA-81D8-43D6-B714-6CA431EE1893}.Release|Any CPU.Build.0 = Release|Any CPU
		{A395FBED-7F09-4AA7-8641-15771C591D30}.Debug|Any CPU.ActiveCfg = Debug|Any CPU
		{A395FBED-7F09-4AA7-8641-15771C591D30}.Debug|Any CPU.Build.0 = Debug|Any CPU
		{A395FBED-7F09-4AA7-8641-15771C591D30}.Release|Any CPU.ActiveCfg = Release|Any CPU
		{A395FBED-7F09-4AA7-8641-15771C591D30}.Release|Any CPU.Build.0 = Release|Any CPU
		{C9B7D316-E361-4180-AC58-D930F70B1178}.Debug|Any CPU.ActiveCfg = Debug|Any CPU
		{C9B7D316-E361-4180-AC58-D930F70B1178}.Debug|Any CPU.Build.0 = Debug|Any CPU
		{C9B7D316-E361-4180-AC58-D930F70B1178}.Release|Any CPU.ActiveCfg = Release|Any CPU
		{C9B7D316-E361-4180-AC58-D930F70B1178}.Release|Any CPU.Build.0 = Release|Any CPU
	EndGlobalSection
	GlobalSection(SolutionProperties) = preSolution
		HideSolutionNode = FALSE
	EndGlobalSection
	GlobalSection(ExtensibilityGlobals) = postSolution
		SolutionGuid = {1114B4F6-F78B-45E1-8573-930C1642F27C}
	EndGlobalSection
EndGlobal
