
Microsoft Visual Studio Solution File, Format Version 12.00
# Visual Studio 15
VisualStudioVersion = 15.0.34031.82
MinimumVisualStudioVersion = 10.0.40219.1
Project("{FAE04EC0-301F-11D3-BF4B-00C04F79EFBC}") = "Practice13-1-1~2", "Practice13-1-1~2\Practice13-1-1~2.csproj", "{D0ACBF8C-A4F2-4E0D-AD5A-B39667B41DE3}"
EndProject
Project("{FAE04EC0-301F-11D3-BF4B-00C04F79EFBC}") = "Practice13-1-3", "Practice13-1-3\Practice13-1-3.csproj", "{947A64C4-D78A-4A8B-A658-91D5E2F51BCC}"
EndProject
Global
	GlobalSection(SolutionConfigurationPlatforms) = preSolution
		Debug|Any CPU = Debug|Any CPU
		Release|Any CPU = Release|Any CPU
	EndGlobalSection
	GlobalSection(ProjectConfigurationPlatforms) = postSolution
		{D0ACBF8C-A4F2-4E0D-AD5A-B39667B41DE3}.Debug|Any CPU.ActiveCfg = Debug|Any CPU
		{D0ACBF8C-A4F2-4E0D-AD5A-B39667B41DE3}.Debug|Any CPU.Build.0 = Debug|Any CPU
		{D0ACBF8C-A4F2-4E0D-AD5A-B39667B41DE3}.Release|Any CPU.ActiveCfg = Release|Any CPU
		{D0ACBF8C-A4F2-4E0D-AD5A-B39667B41DE3}.Release|Any CPU.Build.0 = Release|Any CPU
		{947A64C4-D78A-4A8B-A658-91D5E2F51BCC}.Debug|Any CPU.ActiveCfg = Debug|Any CPU
		{947A64C4-D78A-4A8B-A658-91D5E2F51BCC}.Debug|Any CPU.Build.0 = Debug|Any CPU
		{947A64C4-D78A-4A8B-A658-91D5E2F51BCC}.Release|Any CPU.ActiveCfg = Release|Any CPU
		{947A64C4-D78A-4A8B-A658-91D5E2F51BCC}.Release|Any CPU.Build.0 = Release|Any CPU
	EndGlobalSection
	GlobalSection(SolutionProperties) = preSolution
		HideSolutionNode = FALSE
	EndGlobalSection
	GlobalSection(ExtensibilityGlobals) = postSolution
		SolutionGuid = {B2934DBB-0D77-480A-B575-9780DB2344C8}
	EndGlobalSection
EndGlobal
