
Microsoft Visual Studio Solution File, Format Version 12.00
# Visual Studio 15
VisualStudioVersion = 15.0.34031.82
MinimumVisualStudioVersion = 10.0.40219.1
Project("{FAE04EC0-301F-11D3-BF4B-00C04F79EFBC}") = "章末問題第2章", "章末問題第2章\章末問題第2章.csproj", "{2F551894-079C-48ED-982C-AC7078D9EE42}"
EndProject
Global
	GlobalSection(SolutionConfigurationPlatforms) = preSolution
		Debug|Any CPU = Debug|Any CPU
		Release|Any CPU = Release|Any CPU
	EndGlobalSection
	GlobalSection(ProjectConfigurationPlatforms) = postSolution
		{2F551894-079C-48ED-982C-AC7078D9EE42}.Debug|Any CPU.ActiveCfg = Debug|Any CPU
		{2F551894-079C-48ED-982C-AC7078D9EE42}.Debug|Any CPU.Build.0 = Debug|Any CPU
		{2F551894-079C-48ED-982C-AC7078D9EE42}.Release|Any CPU.ActiveCfg = Release|Any CPU
		{2F551894-079C-48ED-982C-AC7078D9EE42}.Release|Any CPU.Build.0 = Release|Any CPU
	EndGlobalSection
	GlobalSection(SolutionProperties) = preSolution
		HideSolutionNode = FALSE
	EndGlobalSection
	GlobalSection(ExtensibilityGlobals) = postSolution
		SolutionGuid = {2B8B7E7E-2E97-459E-8E93-0568B82419DB}
	EndGlobalSection
EndGlobal
